
Microsoft Visual Studio Solution File, Format Version 12.00
# Visual Studio Version 17
VisualStudioVersion = 17.14.36301.6 d17.14
MinimumVisualStudioVersion = 10.0.40219.1
Project("{FAE04EC0-301F-11D3-BF4B-00C04F79EFBC}") = "TicketPriceCalculator", "TicketPriceCalculator\TicketPriceCalculator.csproj", "{1FDEDB4B-87E4-46E3-9BF1-CE090AC68EF2}"
EndProject
Global
	GlobalSection(SolutionConfigurationPlatforms) = preSolution
		Debug|Any CPU = Debug|Any CPU
		Release|Any CPU = Release|Any CPU
	EndGlobalSection
	GlobalSection(ProjectConfigurationPlatforms) = postSolution
		{1FDEDB4B-87E4-46E3-9BF1-CE090AC68EF2}.Debug|Any CPU.ActiveCfg = Debug|Any CPU
		{1FDEDB4B-87E4-46E3-9BF1-CE090AC68EF2}.Debug|Any CPU.Build.0 = Debug|Any CPU
		{1FDEDB4B-87E4-46E3-9BF1-CE090AC68EF2}.Release|Any CPU.ActiveCfg = Release|Any CPU
		{1FDEDB4B-87E4-46E3-9BF1-CE090AC68EF2}.Release|Any CPU.Build.0 = Release|Any CPU
	EndGlobalSection
	GlobalSection(SolutionProperties) = preSolution
		HideSolutionNode = FALSE
	EndGlobalSection
	GlobalSection(ExtensibilityGlobals) = postSolution
		SolutionGuid = {F08A8971-5CC8-4D59-B9B2-F36BC9745778}
	EndGlobalSection
EndGlobal
