
Microsoft Visual Studio Solution File, Format Version 12.00
# Visual Studio Version 17
VisualStudioVersion = 17.14.36301.6 d17.14
MinimumVisualStudioVersion = 10.0.40219.1
Project("{FAE04EC0-301F-11D3-BF4B-00C04F79EFBC}") = "Interfaces", "Interfaces\Interfaces.csproj", "{318F7F46-6019-49BA-BA07-A6C96647D033}"
EndProject
Global
	GlobalSection(SolutionConfigurationPlatforms) = preSolution
		Debug|Any CPU = Debug|Any CPU
		Release|Any CPU = Release|Any CPU
	EndGlobalSection
	GlobalSection(ProjectConfigurationPlatforms) = postSolution
		{318F7F46-6019-49BA-BA07-A6C96647D033}.Debug|Any CPU.ActiveCfg = Debug|Any CPU
		{318F7F46-6019-49BA-BA07-A6C96647D033}.Debug|Any CPU.Build.0 = Debug|Any CPU
		{318F7F46-6019-49BA-BA07-A6C96647D033}.Release|Any CPU.ActiveCfg = Release|Any CPU
		{318F7F46-6019-49BA-BA07-A6C96647D033}.Release|Any CPU.Build.0 = Release|Any CPU
	EndGlobalSection
	GlobalSection(SolutionProperties) = preSolution
		HideSolutionNode = FALSE
	EndGlobalSection
	GlobalSection(ExtensibilityGlobals) = postSolution
		SolutionGuid = {62212D09-CB61-451D-AB8B-7E22246FD230}
	EndGlobalSection
EndGlobal
